
Microsoft Visual Studio Solution File, Format Version 12.00
# Visual Studio Version 17
VisualStudioVersion = 17.3.32929.385
MinimumVisualStudioVersion = 10.0.40219.1
Project("{FAE04EC0-301F-11D3-BF4B-00C04F79EFBC}") = "IndianCensusAnalyzerPrgm", "IndianCensusAnalyzerPrgm.csproj", "{52423DF7-136A-496E-B24B-3A90CB8CC624}"
EndProject
Global
	GlobalSection(SolutionConfigurationPlatforms) = preSolution
		Debug|Any CPU = Debug|Any CPU
		Release|Any CPU = Release|Any CPU
	EndGlobalSection
	GlobalSection(ProjectConfigurationPlatforms) = postSolution
		{52423DF7-136A-496E-B24B-3A90CB8CC624}.Debug|Any CPU.ActiveCfg = Debug|Any CPU
		{52423DF7-136A-496E-B24B-3A90CB8CC624}.Debug|Any CPU.Build.0 = Debug|Any CPU
		{52423DF7-136A-496E-B24B-3A90CB8CC624}.Release|Any CPU.ActiveCfg = Release|Any CPU
		{52423DF7-136A-496E-B24B-3A90CB8CC624}.Release|Any CPU.Build.0 = Release|Any CPU
	EndGlobalSection
	GlobalSection(SolutionProperties) = preSolution
		HideSolutionNode = FALSE
	EndGlobalSection
	GlobalSection(ExtensibilityGlobals) = postSolution
		SolutionGuid = {CCEEB550-B739-444B-B527-575BDCB4CEC3}
	EndGlobalSection
EndGlobal
